
Microsoft Visual Studio Solution File, Format Version 12.00
# Visual Studio Version 17
VisualStudioVersion = 17.7.34202.233
MinimumVisualStudioVersion = 10.0.40219.1
Project("{9A19103F-16F7-4668-BE54-9A1E7A4F7556}") = "C#Basic", "C#Basic\C#Basic.csproj", "{EF5F5EFA-3243-4644-BFB1-363BFCF9D33C}"
EndProject
Project("{9A19103F-16F7-4668-BE54-9A1E7A4F7556}") = "Assignment -1-oct-18", "Assignment -1-oct-18\Assignment -1-oct-18.csproj", "{D8993292-06BE-4AC9-BBEB-BD2A6F8369DF}"
EndProject
Project("{9A19103F-16F7-4668-BE54-9A1E7A4F7556}") = "Assignment-2-19-0ct", "Assignment-2-19-0ct\Assignment-2-19-0ct.csproj", "{0CBB1CC4-B4AD-4865-A796-3255F88450CA}"
EndProject
Project("{9A19103F-16F7-4668-BE54-9A1E7A4F7556}") = "Assignment-3-19-oct", "Assignment-3-19-oct\Assignment-3-19-oct.csproj", "{35469113-2826-49CD-B0BC-7249C562BEDB}"
EndProject
Project("{9A19103F-16F7-4668-BE54-9A1E7A4F7556}") = "InheritanceExample", "InheritanceExample\InheritanceExample.csproj", "{9AB1B73A-BBEA-49F2-87CD-3452F57019CB}"
EndProject
Project("{9A19103F-16F7-4668-BE54-9A1E7A4F7556}") = "Inheriatnce2", "Inheriatnce2\Inheriatnce2.csproj", "{D3273B30-362D-4DE1-AAB8-B117A945D4FD}"
EndProject
Project("{9A19103F-16F7-4668-BE54-9A1E7A4F7556}") = "AbstractClass", "AbstractClass\AbstractClass.csproj", "{D265F6CC-DA3D-4B22-9ACC-3AF0A25B473A}"
EndProject
Project("{9A19103F-16F7-4668-BE54-9A1E7A4F7556}") = "Assignment-3-0ct-20", "Assignment-3-0ct-20\Assignment-3-0ct-20.csproj", "{DD269192-995E-4D26-9958-5FEFD89214A5}"
EndProject
Project("{9A19103F-16F7-4668-BE54-9A1E7A4F7556}") = "Assignment-3B-20-Oct", "Assignment-3B-20-Oct\Assignment-3B-20-Oct.csproj", "{F8F4FD7C-F4C6-46FD-8AB9-3AFA18B1C7D1}"
EndProject
Project("{9A19103F-16F7-4668-BE54-9A1E7A4F7556}") = "Interface", "Interface\Interface.csproj", "{3DD0D47C-6381-4EC6-A751-03356AEB0108}"
EndProject
Project("{9A19103F-16F7-4668-BE54-9A1E7A4F7556}") = "Assisemment-1-oct-21", "Assisemment-1-oct-21\Assisemment-1-oct-21.csproj", "{50670FA8-FCBD-4950-9CDE-639834B7B187}"
EndProject
Project("{9A19103F-16F7-4668-BE54-9A1E7A4F7556}") = "Polymorphisim", "Polymorphisim\Polymorphisim.csproj", "{14A5F1D0-8F4A-45B7-990C-09B89E0BA9FF}"
EndProject
Project("{9A19103F-16F7-4668-BE54-9A1E7A4F7556}") = "Assignment-4-23-oct", "Assignment-4-23-oct\Assignment-4-23-oct.csproj", "{FC9EB1C3-C7DB-4140-9E90-C839CEAC8C48}"
EndProject
Project("{9A19103F-16F7-4668-BE54-9A1E7A4F7556}") = "Assignment-4-B-23-oct", "Assignment-4-B-23-oct\Assignment-4-B-23-oct.csproj", "{2704E2D9-3862-4307-8604-F813D0265CA4}"
EndProject
Project("{9A19103F-16F7-4668-BE54-9A1E7A4F7556}") = "Non-Generic-Collection", "Non-Generic-Collection\Non-Generic-Collection.csproj", "{56B63B4B-C710-4DEA-BF7F-8512052A3CDD}"
EndProject
Project("{9A19103F-16F7-4668-BE54-9A1E7A4F7556}") = "GenericCollection", "GenericCollection\GenericCollection.csproj", "{A88D3859-9025-43DB-9731-7DD153FE3118}"
EndProject
Project("{9A19103F-16F7-4668-BE54-9A1E7A4F7556}") = "Assignment-5-25-oct", "Assignment-5-25-oct\Assignment-5-25-oct.csproj", "{93FCDA4B-CAAE-470A-9237-6DA8262434D8}"
EndProject
Project("{9A19103F-16F7-4668-BE54-9A1E7A4F7556}") = "ExceptionHandling", "ExceptionHandling\ExceptionHandling.csproj", "{6EB7B581-10C7-404C-99FC-7C1678A1C388}"
EndProject
Project("{9A19103F-16F7-4668-BE54-9A1E7A4F7556}") = "Assignment-6-26-oct", "Assignment-6-26-oct\Assignment-6-26-oct.csproj", "{B0B862BE-18E4-42F1-BB9B-AB26EB6A71A3}"
EndProject
Project("{9A19103F-16F7-4668-BE54-9A1E7A4F7556}") = "Assignment-6B-26-oct", "Assignment-6B-26-oct\Assignment-6B-26-oct.csproj", "{7F46BF18-4F29-4541-91AC-9481E2A19A3C}"
EndProject
Project("{9A19103F-16F7-4668-BE54-9A1E7A4F7556}") = "FileHandling", "FileHandling\FileHandling.csproj", "{661A6512-DF76-4295-8860-CB9E8AA467F0}"
EndProject
Project("{9A19103F-16F7-4668-BE54-9A1E7A4F7556}") = "Assignment-7-27-oct", "Assignment-7-27-oct\Assignment-7-27-oct.csproj", "{6CCB24B1-87B7-4F84-931C-B4B059E71027}"
EndProject
Project("{9A19103F-16F7-4668-BE54-9A1E7A4F7556}") = "CaseStudy_29-oct", "CaseStudy_29-oct\CaseStudy_29-oct.csproj", "{672D06BD-76C4-477C-844E-A93F77EC973A}"
EndProject
Project("{FAE04EC0-301F-11D3-BF4B-00C04F79EFBC}") = "Assignment-generic-30-oct", "Assignment-generic-30-oct\Assignment-generic-30-oct.csproj", "{EF0DEDD7-544E-469C-A783-DF8B0B28FA01}"
EndProject
Project("{FAE04EC0-301F-11D3-BF4B-00C04F79EFBC}") = "Delegate", "Delegate\Delegate.csproj", "{D6BE0B5F-8722-4631-8735-C8E6409AE529}"
EndProject
Project("{FAE04EC0-301F-11D3-BF4B-00C04F79EFBC}") = "Assignment-Deligate-31-oct", "Assignment-Deligate-31-oct\Assignment-Deligate-31-oct.csproj", "{82D9711B-E58B-4529-959A-1EBE607331FA}"
EndProject
Project("{FAE04EC0-301F-11D3-BF4B-00C04F79EFBC}") = "Assignment-Delegate-2-31-oct", "Assignment-Delegate-2-31-oct\Assignment-Delegate-2-31-oct.csproj", "{435FD95D-64E8-4C3B-8395-11A81A501E0E}"
EndProject
Project("{FAE04EC0-301F-11D3-BF4B-00C04F79EFBC}") = "LINQExample", "LINQExample\LINQExample.csproj", "{A685FBF9-8783-4475-8E36-3D3E8C94DDB9}"
EndProject
Project("{FAE04EC0-301F-11D3-BF4B-00C04F79EFBC}") = "Assignment-LINQ-01-nov", "Assignment-LINQ-01-nov\Assignment-LINQ-01-nov.csproj", "{7A3DA9C4-6EAC-46A0-9D4B-1B87769744DF}"
EndProject
Project("{FAE04EC0-301F-11D3-BF4B-00C04F79EFBC}") = "Assignment-Linq-q-2-01-nov", "Assignment-Linq-q-2-01-nov\Assignment-Linq-q-2-01-nov.csproj", "{F07B7ADC-04F4-4525-8BB1-42856E803A52}"
EndProject
Project("{FAE04EC0-301F-11D3-BF4B-00C04F79EFBC}") = "Assignment-Threads-02-nov", "Assignment-Threads-02-nov\Assignment-Threads-02-nov.csproj", "{443058E4-780C-425D-91C9-FF040E3E8844}"
EndProject
Project("{FAE04EC0-301F-11D3-BF4B-00C04F79EFBC}") = "Assignment-Thread-2-2-nov", "Assignment-Thread-2-2-nov\Assignment-Thread-2-2-nov.csproj", "{F6D0FC05-4D51-4182-B14D-CFD58231C871}"
EndProject
Project("{FAE04EC0-301F-11D3-BF4B-00C04F79EFBC}") = "Assignment-Ds-03-Nov", "Assignment-Ds-03-Nov\Assignment-Ds-03-Nov.csproj", "{3006B322-E7C3-4673-8B0F-72104DB99418}"
EndProject
Project("{FAE04EC0-301F-11D3-BF4B-00C04F79EFBC}") = "Assignment-2-Ds-03-nov", "Assignment-2-Ds-03-nov\Assignment-2-Ds-03-nov.csproj", "{07C51485-7E8C-445C-868E-FB43871725A9}"
EndProject
Global
	GlobalSection(SolutionConfigurationPlatforms) = preSolution
		Debug|Any CPU = Debug|Any CPU
		Release|Any CPU = Release|Any CPU
	EndGlobalSection
	GlobalSection(ProjectConfigurationPlatforms) = postSolution
		{EF5F5EFA-3243-4644-BFB1-363BFCF9D33C}.Debug|Any CPU.ActiveCfg = Debug|Any CPU
		{EF5F5EFA-3243-4644-BFB1-363BFCF9D33C}.Debug|Any CPU.Build.0 = Debug|Any CPU
		{EF5F5EFA-3243-4644-BFB1-363BFCF9D33C}.Release|Any CPU.ActiveCfg = Release|Any CPU
		{EF5F5EFA-3243-4644-BFB1-363BFCF9D33C}.Release|Any CPU.Build.0 = Release|Any CPU
		{D8993292-06BE-4AC9-BBEB-BD2A6F8369DF}.Debug|Any CPU.ActiveCfg = Debug|Any CPU
		{D8993292-06BE-4AC9-BBEB-BD2A6F8369DF}.Debug|Any CPU.Build.0 = Debug|Any CPU
		{D8993292-06BE-4AC9-BBEB-BD2A6F8369DF}.Release|Any CPU.ActiveCfg = Release|Any CPU
		{D8993292-06BE-4AC9-BBEB-BD2A6F8369DF}.Release|Any CPU.Build.0 = Release|Any CPU
		{0CBB1CC4-B4AD-4865-A796-3255F88450CA}.Debug|Any CPU.ActiveCfg = Debug|Any CPU
		{0CBB1CC4-B4AD-4865-A796-3255F88450CA}.Debug|Any CPU.Build.0 = Debug|Any CPU
		{0CBB1CC4-B4AD-4865-A796-3255F88450CA}.Release|Any CPU.ActiveCfg = Release|Any CPU
		{0CBB1CC4-B4AD-4865-A796-3255F88450CA}.Release|Any CPU.Build.0 = Release|Any CPU
		{35469113-2826-49CD-B0BC-7249C562BEDB}.Debug|Any CPU.ActiveCfg = Debug|Any CPU
		{35469113-2826-49CD-B0BC-7249C562BEDB}.Debug|Any CPU.Build.0 = Debug|Any CPU
		{35469113-2826-49CD-B0BC-7249C562BEDB}.Release|Any CPU.ActiveCfg = Release|Any CPU
		{35469113-2826-49CD-B0BC-7249C562BEDB}.Release|Any CPU.Build.0 = Release|Any CPU
		{9AB1B73A-BBEA-49F2-87CD-3452F57019CB}.Debug|Any CPU.ActiveCfg = Debug|Any CPU
		{9AB1B73A-BBEA-49F2-87CD-3452F57019CB}.Debug|Any CPU.Build.0 = Debug|Any CPU
		{9AB1B73A-BBEA-49F2-87CD-3452F57019CB}.Release|Any CPU.ActiveCfg = Release|Any CPU
		{9AB1B73A-BBEA-49F2-87CD-3452F57019CB}.Release|Any CPU.Build.0 = Release|Any CPU
		{D3273B30-362D-4DE1-AAB8-B117A945D4FD}.Debug|Any CPU.ActiveCfg = Debug|Any CPU
		{D3273B30-362D-4DE1-AAB8-B117A945D4FD}.Debug|Any CPU.Build.0 = Debug|Any CPU
		{D3273B30-362D-4DE1-AAB8-B117A945D4FD}.Release|Any CPU.ActiveCfg = Release|Any CPU
		{D3273B30-362D-4DE1-AAB8-B117A945D4FD}.Release|Any CPU.Build.0 = Release|Any CPU
		{D265F6CC-DA3D-4B22-9ACC-3AF0A25B473A}.Debug|Any CPU.ActiveCfg = Debug|Any CPU
		{D265F6CC-DA3D-4B22-9ACC-3AF0A25B473A}.Debug|Any CPU.Build.0 = Debug|Any CPU
		{D265F6CC-DA3D-4B22-9ACC-3AF0A25B473A}.Release|Any CPU.ActiveCfg = Release|Any CPU
		{D265F6CC-DA3D-4B22-9ACC-3AF0A25B473A}.Release|Any CPU.Build.0 = Release|Any CPU
		{DD269192-995E-4D26-9958-5FEFD89214A5}.Debug|Any CPU.ActiveCfg = Debug|Any CPU
		{DD269192-995E-4D26-9958-5FEFD89214A5}.Debug|Any CPU.Build.0 = Debug|Any CPU
		{DD269192-995E-4D26-9958-5FEFD89214A5}.Release|Any CPU.ActiveCfg = Release|Any CPU
		{DD269192-995E-4D26-9958-5FEFD89214A5}.Release|Any CPU.Build.0 = Release|Any CPU
		{F8F4FD7C-F4C6-46FD-8AB9-3AFA18B1C7D1}.Debug|Any CPU.ActiveCfg = Debug|Any CPU
		{F8F4FD7C-F4C6-46FD-8AB9-3AFA18B1C7D1}.Debug|Any CPU.Build.0 = Debug|Any CPU
		{F8F4FD7C-F4C6-46FD-8AB9-3AFA18B1C7D1}.Release|Any CPU.ActiveCfg = Release|Any CPU
		{F8F4FD7C-F4C6-46FD-8AB9-3AFA18B1C7D1}.Release|Any CPU.Build.0 = Release|Any CPU
		{3DD0D47C-6381-4EC6-A751-03356AEB0108}.Debug|Any CPU.ActiveCfg = Debug|Any CPU
		{3DD0D47C-6381-4EC6-A751-03356AEB0108}.Debug|Any CPU.Build.0 = Debug|Any CPU
		{3DD0D47C-6381-4EC6-A751-03356AEB0108}.Release|Any CPU.ActiveCfg = Release|Any CPU
		{3DD0D47C-6381-4EC6-A751-03356AEB0108}.Release|Any CPU.Build.0 = Release|Any CPU
		{50670FA8-FCBD-4950-9CDE-639834B7B187}.Debug|Any CPU.ActiveCfg = Debug|Any CPU
		{50670FA8-FCBD-4950-9CDE-639834B7B187}.Debug|Any CPU.Build.0 = Debug|Any CPU
		{50670FA8-FCBD-4950-9CDE-639834B7B187}.Release|Any CPU.ActiveCfg = Release|Any CPU
		{50670FA8-FCBD-4950-9CDE-639834B7B187}.Release|Any CPU.Build.0 = Release|Any CPU
		{14A5F1D0-8F4A-45B7-990C-09B89E0BA9FF}.Debug|Any CPU.ActiveCfg = Debug|Any CPU
		{14A5F1D0-8F4A-45B7-990C-09B89E0BA9FF}.Debug|Any CPU.Build.0 = Debug|Any CPU
		{14A5F1D0-8F4A-45B7-990C-09B89E0BA9FF}.Release|Any CPU.ActiveCfg = Release|Any CPU
		{14A5F1D0-8F4A-45B7-990C-09B89E0BA9FF}.Release|Any CPU.Build.0 = Release|Any CPU
		{FC9EB1C3-C7DB-4140-9E90-C839CEAC8C48}.Debug|Any CPU.ActiveCfg = Debug|Any CPU
		{FC9EB1C3-C7DB-4140-9E90-C839CEAC8C48}.Debug|Any CPU.Build.0 = Debug|Any CPU
		{FC9EB1C3-C7DB-4140-9E90-C839CEAC8C48}.Release|Any CPU.ActiveCfg = Release|Any CPU
		{FC9EB1C3-C7DB-4140-9E90-C839CEAC8C48}.Release|Any CPU.Build.0 = Release|Any CPU
		{2704E2D9-3862-4307-8604-F813D0265CA4}.Debug|Any CPU.ActiveCfg = Debug|Any CPU
		{2704E2D9-3862-4307-8604-F813D0265CA4}.Debug|Any CPU.Build.0 = Debug|Any CPU
		{2704E2D9-3862-4307-8604-F813D0265CA4}.Release|Any CPU.ActiveCfg = Release|Any CPU
		{2704E2D9-3862-4307-8604-F813D0265CA4}.Release|Any CPU.Build.0 = Release|Any CPU
		{56B63B4B-C710-4DEA-BF7F-8512052A3CDD}.Debug|Any CPU.ActiveCfg = Debug|Any CPU
		{56B63B4B-C710-4DEA-BF7F-8512052A3CDD}.Debug|Any CPU.Build.0 = Debug|Any CPU
		{56B63B4B-C710-4DEA-BF7F-8512052A3CDD}.Release|Any CPU.ActiveCfg = Release|Any CPU
		{56B63B4B-C710-4DEA-BF7F-8512052A3CDD}.Release|Any CPU.Build.0 = Release|Any CPU
		{A88D3859-9025-43DB-9731-7DD153FE3118}.Debug|Any CPU.ActiveCfg = Debug|Any CPU
		{A88D3859-9025-43DB-9731-7DD153FE3118}.Debug|Any CPU.Build.0 = Debug|Any CPU
		{A88D3859-9025-43DB-9731-7DD153FE3118}.Release|Any CPU.ActiveCfg = Release|Any CPU
		{A88D3859-9025-43DB-9731-7DD153FE3118}.Release|Any CPU.Build.0 = Release|Any CPU
		{93FCDA4B-CAAE-470A-9237-6DA8262434D8}.Debug|Any CPU.ActiveCfg = Debug|Any CPU
		{93FCDA4B-CAAE-470A-9237-6DA8262434D8}.Debug|Any CPU.Build.0 = Debug|Any CPU
		{93FCDA4B-CAAE-470A-9237-6DA8262434D8}.Release|Any CPU.ActiveCfg = Release|Any CPU
		{93FCDA4B-CAAE-470A-9237-6DA8262434D8}.Release|Any CPU.Build.0 = Release|Any CPU
		{6EB7B581-10C7-404C-99FC-7C1678A1C388}.Debug|Any CPU.ActiveCfg = Debug|Any CPU
		{6EB7B581-10C7-404C-99FC-7C1678A1C388}.Debug|Any CPU.Build.0 = Debug|Any CPU
		{6EB7B581-10C7-404C-99FC-7C1678A1C388}.Release|Any CPU.ActiveCfg = Release|Any CPU
		{6EB7B581-10C7-404C-99FC-7C1678A1C388}.Release|Any CPU.Build.0 = Release|Any CPU
		{B0B862BE-18E4-42F1-BB9B-AB26EB6A71A3}.Debug|Any CPU.ActiveCfg = Debug|Any CPU
		{B0B862BE-18E4-42F1-BB9B-AB26EB6A71A3}.Debug|Any CPU.Build.0 = Debug|Any CPU
		{B0B862BE-18E4-42F1-BB9B-AB26EB6A71A3}.Release|Any CPU.ActiveCfg = Release|Any CPU
		{B0B862BE-18E4-42F1-BB9B-AB26EB6A71A3}.Release|Any CPU.Build.0 = Release|Any CPU
		{7F46BF18-4F29-4541-91AC-9481E2A19A3C}.Debug|Any CPU.ActiveCfg = Debug|Any CPU
		{7F46BF18-4F29-4541-91AC-9481E2A19A3C}.Debug|Any CPU.Build.0 = Debug|Any CPU
		{7F46BF18-4F29-4541-91AC-9481E2A19A3C}.Release|Any CPU.ActiveCfg = Release|Any CPU
		{7F46BF18-4F29-4541-91AC-9481E2A19A3C}.Release|Any CPU.Build.0 = Release|Any CPU
		{661A6512-DF76-4295-8860-CB9E8AA467F0}.Debug|Any CPU.ActiveCfg = Debug|Any CPU
		{661A6512-DF76-4295-8860-CB9E8AA467F0}.Debug|Any CPU.Build.0 = Debug|Any CPU
		{661A6512-DF76-4295-8860-CB9E8AA467F0}.Release|Any CPU.ActiveCfg = Release|Any CPU
		{661A6512-DF76-4295-8860-CB9E8AA467F0}.Release|Any CPU.Build.0 = Release|Any CPU
		{6CCB24B1-87B7-4F84-931C-B4B059E71027}.Debug|Any CPU.ActiveCfg = Debug|Any CPU
		{6CCB24B1-87B7-4F84-931C-B4B059E71027}.Debug|Any CPU.Build.0 = Debug|Any CPU
		{6CCB24B1-87B7-4F84-931C-B4B059E71027}.Release|Any CPU.ActiveCfg = Release|Any CPU
		{6CCB24B1-87B7-4F84-931C-B4B059E71027}.Release|Any CPU.Build.0 = Release|Any CPU
		{672D06BD-76C4-477C-844E-A93F77EC973A}.Debug|Any CPU.ActiveCfg = Debug|Any CPU
		{672D06BD-76C4-477C-844E-A93F77EC973A}.Debug|Any CPU.Build.0 = Debug|Any CPU
		{672D06BD-76C4-477C-844E-A93F77EC973A}.Release|Any CPU.ActiveCfg = Release|Any CPU
		{672D06BD-76C4-477C-844E-A93F77EC973A}.Release|Any CPU.Build.0 = Release|Any CPU
		{EF0DEDD7-544E-469C-A783-DF8B0B28FA01}.Debug|Any CPU.ActiveCfg = Debug|Any CPU
		{EF0DEDD7-544E-469C-A783-DF8B0B28FA01}.Debug|Any CPU.Build.0 = Debug|Any CPU
		{EF0DEDD7-544E-469C-A783-DF8B0B28FA01}.Release|Any CPU.ActiveCfg = Release|Any CPU
		{EF0DEDD7-544E-469C-A783-DF8B0B28FA01}.Release|Any CPU.Build.0 = Release|Any CPU
		{D6BE0B5F-8722-4631-8735-C8E6409AE529}.Debug|Any CPU.ActiveCfg = Debug|Any CPU
		{D6BE0B5F-8722-4631-8735-C8E6409AE529}.Debug|Any CPU.Build.0 = Debug|Any CPU
		{D6BE0B5F-8722-4631-8735-C8E6409AE529}.Release|Any CPU.ActiveCfg = Release|Any CPU
		{D6BE0B5F-8722-4631-8735-C8E6409AE529}.Release|Any CPU.Build.0 = Release|Any CPU
		{82D9711B-E58B-4529-959A-1EBE607331FA}.Debug|Any CPU.ActiveCfg = Debug|Any CPU
		{82D9711B-E58B-4529-959A-1EBE607331FA}.Debug|Any CPU.Build.0 = Debug|Any CPU
		{82D9711B-E58B-4529-959A-1EBE607331FA}.Release|Any CPU.ActiveCfg = Release|Any CPU
		{82D9711B-E58B-4529-959A-1EBE607331FA}.Release|Any CPU.Build.0 = Release|Any CPU
		{435FD95D-64E8-4C3B-8395-11A81A501E0E}.Debug|Any CPU.ActiveCfg = Debug|Any CPU
		{435FD95D-64E8-4C3B-8395-11A81A501E0E}.Debug|Any CPU.Build.0 = Debug|Any CPU
		{435FD95D-64E8-4C3B-8395-11A81A501E0E}.Release|Any CPU.ActiveCfg = Release|Any CPU
		{435FD95D-64E8-4C3B-8395-11A81A501E0E}.Release|Any CPU.Build.0 = Release|Any CPU
		{A685FBF9-8783-4475-8E36-3D3E8C94DDB9}.Debug|Any CPU.ActiveCfg = Debug|Any CPU
		{A685FBF9-8783-4475-8E36-3D3E8C94DDB9}.Debug|Any CPU.Build.0 = Debug|Any CPU
		{A685FBF9-8783-4475-8E36-3D3E8C94DDB9}.Release|Any CPU.ActiveCfg = Release|Any CPU
		{A685FBF9-8783-4475-8E36-3D3E8C94DDB9}.Release|Any CPU.Build.0 = Release|Any CPU
		{7A3DA9C4-6EAC-46A0-9D4B-1B87769744DF}.Debug|Any CPU.ActiveCfg = Debug|Any CPU
		{7A3DA9C4-6EAC-46A0-9D4B-1B87769744DF}.Debug|Any CPU.Build.0 = Debug|Any CPU
		{7A3DA9C4-6EAC-46A0-9D4B-1B87769744DF}.Release|Any CPU.ActiveCfg = Release|Any CPU
		{7A3DA9C4-6EAC-46A0-9D4B-1B87769744DF}.Release|Any CPU.Build.0 = Release|Any CPU
		{F07B7ADC-04F4-4525-8BB1-42856E803A52}.Debug|Any CPU.ActiveCfg = Debug|Any CPU
		{F07B7ADC-04F4-4525-8BB1-42856E803A52}.Debug|Any CPU.Build.0 = Debug|Any CPU
		{F07B7ADC-04F4-4525-8BB1-42856E803A52}.Release|Any CPU.ActiveCfg = Release|Any CPU
		{F07B7ADC-04F4-4525-8BB1-42856E803A52}.Release|Any CPU.Build.0 = Release|Any CPU
		{443058E4-780C-425D-91C9-FF040E3E8844}.Debug|Any CPU.ActiveCfg = Debug|Any CPU
		{443058E4-780C-425D-91C9-FF040E3E8844}.Debug|Any CPU.Build.0 = Debug|Any CPU
		{443058E4-780C-425D-91C9-FF040E3E8844}.Release|Any CPU.ActiveCfg = Release|Any CPU
		{443058E4-780C-425D-91C9-FF040E3E8844}.Release|Any CPU.Build.0 = Release|Any CPU
		{F6D0FC05-4D51-4182-B14D-CFD58231C871}.Debug|Any CPU.ActiveCfg = Debug|Any CPU
		{F6D0FC05-4D51-4182-B14D-CFD58231C871}.Debug|Any CPU.Build.0 = Debug|Any CPU
		{F6D0FC05-4D51-4182-B14D-CFD58231C871}.Release|Any CPU.ActiveCfg = Release|Any CPU
		{F6D0FC05-4D51-4182-B14D-CFD58231C871}.Release|Any CPU.Build.0 = Release|Any CPU
		{3006B322-E7C3-4673-8B0F-72104DB99418}.Debug|Any CPU.ActiveCfg = Debug|Any CPU
		{3006B322-E7C3-4673-8B0F-72104DB99418}.Debug|Any CPU.Build.0 = Debug|Any CPU
		{3006B322-E7C3-4673-8B0F-72104DB99418}.Release|Any CPU.ActiveCfg = Release|Any CPU
		{3006B322-E7C3-4673-8B0F-72104DB99418}.Release|Any CPU.Build.0 = Release|Any CPU
		{07C51485-7E8C-445C-868E-FB43871725A9}.Debug|Any CPU.ActiveCfg = Debug|Any CPU
		{07C51485-7E8C-445C-868E-FB43871725A9}.Debug|Any CPU.Build.0 = Debug|Any CPU
		{07C51485-7E8C-445C-868E-FB43871725A9}.Release|Any CPU.ActiveCfg = Release|Any CPU
		{07C51485-7E8C-445C-868E-FB43871725A9}.Release|Any CPU.Build.0 = Release|Any CPU
	EndGlobalSection
	GlobalSection(SolutionProperties) = preSolution
		HideSolutionNode = FALSE
	EndGlobalSection
	GlobalSection(ExtensibilityGlobals) = postSolution
		SolutionGuid = {86BBCAAE-5D18-4B00-BC97-AA0BB65B0C0A}
	EndGlobalSection
EndGlobal
